// !$*UTF8*$!
{
	archiveVersion = 1;
	classes = {
	};
	objectVersion = 50;
	objects = {

/* Begin PBXBuildFile section */
		D8651E82267515790020942B /* AppDelegate.swift in Sources */ = {isa = PBXBuildFile; fileRef = D8651E81267515790020942B /* AppDelegate.swift */; };
		D8651E84267515790020942B /* SceneDelegate.swift in Sources */ = {isa = PBXBuildFile; fileRef = D8651E83267515790020942B /* SceneDelegate.swift */; };
		D8651E86267515790020942B /* CreateViewController.swift in Sources */ = {isa = PBXBuildFile; fileRef = D8651E85267515790020942B /* CreateViewController.swift */; };
		D8651E89267515790020942B /* Main.storyboard in Resources */ = {isa = PBXBuildFile; fileRef = D8651E87267515790020942B /* Main.storyboard */; };
		D8651E8B267515800020942B /* Assets.xcassets in Resources */ = {isa = PBXBuildFile; fileRef = D8651E8A267515800020942B /* Assets.xcassets */; };
		D8651E8E267515800020942B /* LaunchScreen.storyboard in Resources */ = {isa = PBXBuildFile; fileRef = D8651E8C267515800020942B /* LaunchScreen.storyboard */; };
		D88F930B2675DB0B0028150D /* ProfileModel.swift in Sources */ = {isa = PBXBuildFile; fileRef = D88F930A2675DB0B0028150D /* ProfileModel.swift */; };
		D88F930F2675DB270028150D /* RoundButton.swift in Sources */ = {isa = PBXBuildFile; fileRef = D88F930E2675DB270028150D /* RoundButton.swift */; };
		D88F93122675DB5F0028150D /* HomeViewController.swift in Sources */ = {isa = PBXBuildFile; fileRef = D88F93112675DB5F0028150D /* HomeViewController.swift */; };
		D88F93152675DB7E0028150D /* UpdateViewController.swift in Sources */ = {isa = PBXBuildFile; fileRef = D88F93142675DB7E0028150D /* UpdateViewController.swift */; };
/* End PBXBuildFile section */

/* Begin PBXFileReference section */
		D8651E7E267515790020942B /* MyProfile.app */ = {isa = PBXFileReference; explicitFileType = wrapper.application; includeInIndex = 0; path = MyProfile.app; sourceTree = BUILT_PRODUCTS_DIR; };
		D8651E81267515790020942B /* AppDelegate.swift */ = {isa = PBXFileReference; lastKnownFileType = sourcecode.swift; path = AppDelegate.swift; sourceTree = "<group>"; };
		D8651E83267515790020942B /* SceneDelegate.swift */ = {isa = PBXFileReference; lastKnownFileType = sourcecode.swift; path = SceneDelegate.swift; sourceTree = "<group>"; };
		D8651E85267515790020942B /* CreateViewController.swift */ = {isa = PBXFileReference; lastKnownFileType = sourcecode.swift; path = CreateViewController.swift; sourceTree = "<group>"; };
		D8651E88267515790020942B /* Base */ = {isa = PBXFileReference; lastKnownFileType = file.storyboard; name = Base; path = Base.lproj/Main.storyboard; sourceTree = "<group>"; };
		D8651E8A267515800020942B /* Assets.xcassets */ = {isa = PBXFileReference; lastKnownFileType = folder.assetcatalog; path = Assets.xcassets; sourceTree = "<group>"; };
		D8651E8D267515800020942B /* Base */ = {isa = PBXFileReference; lastKnownFileType = file.storyboard; name = Base; path = Base.lproj/LaunchScreen.storyboard; sourceTree = "<group>"; };
		D8651E8F267515800020942B /* Info.plist */ = {isa = PBXFileReference; lastKnownFileType = text.plist.xml; path = Info.plist; sourceTree = "<group>"; };
		D88F930A2675DB0B0028150D /* ProfileModel.swift */ = {isa = PBXFileReference; lastKnownFileType = sourcecode.swift; path = ProfileModel.swift; sourceTree = "<group>"; };
		D88F930E2675DB270028150D /* RoundButton.swift */ = {isa = PBXFileReference; lastKnownFileType = sourcecode.swift; path = RoundButton.swift; sourceTree = "<group>"; };
		D88F93112675DB5F0028150D /* HomeViewController.swift */ = {isa = PBXFileReference; lastKnownFileType = sourcecode.swift; path = HomeViewController.swift; sourceTree = "<group>"; };
		D88F93142675DB7E0028150D /* UpdateViewController.swift */ = {isa = PBXFileReference; lastKnownFileType = sourcecode.swift; path = UpdateViewController.swift; sourceTree = "<group>"; };
/* End PBXFileReference section */

/* Begin PBXFrameworksBuildPhase section */
		D8651E7B267515790020942B /* Frameworks */ = {
			isa = PBXFrameworksBuildPhase;
			buildActionMask = 2147483647;
			files = (
			);
			runOnlyForDeploymentPostprocessing = 0;
		};
/* End PBXFrameworksBuildPhase section */

/* Begin PBXGroup section */
		D8651E75267515790020942B = {
			isa = PBXGroup;
			children = (
				D8651E80267515790020942B /* MyProfile */,
				D8651E7F267515790020942B /* Products */,
			);
			sourceTree = "<group>";
		};
		D8651E7F267515790020942B /* Products */ = {
			isa = PBXGroup;
			children = (
				D8651E7E267515790020942B /* MyProfile.app */,
			);
			name = Products;
			sourceTree = "<group>";
		};
		D8651E80267515790020942B /* MyProfile */ = {
			isa = PBXGroup;
			children = (
				D88F93032675DA240028150D /* Model */,
				D88F93042675DA2D0028150D /* Util */,
				D88F93052675DA3A0028150D /* Base */,
				D88F93082675DA580028150D /* Controller */,
				D88F93092675DA700028150D /* View */,
				D8651E8A267515800020942B /* Assets.xcassets */,
				D8651E8F267515800020942B /* Info.plist */,
			);
			path = MyProfile;
			sourceTree = "<group>";
		};
		D88F93032675DA240028150D /* Model */ = {
			isa = PBXGroup;
			children = (
				D88F930A2675DB0B0028150D /* ProfileModel.swift */,
			);
			path = Model;
			sourceTree = "<group>";
		};
		D88F93042675DA2D0028150D /* Util */ = {
			isa = PBXGroup;
			children = (
				D88F930E2675DB270028150D /* RoundButton.swift */,
			);
			path = Util;
			sourceTree = "<group>";
		};
		D88F93052675DA3A0028150D /* Base */ = {
			isa = PBXGroup;
			children = (
				D8651E81267515790020942B /* AppDelegate.swift */,
				D8651E83267515790020942B /* SceneDelegate.swift */,
			);
			path = Base;
			sourceTree = "<group>";
		};
		D88F93082675DA580028150D /* Controller */ = {
			isa = PBXGroup;
			children = (
				D8651E85267515790020942B /* CreateViewController.swift */,
				D88F93112675DB5F0028150D /* HomeViewController.swift */,
				D88F93142675DB7E0028150D /* UpdateViewController.swift */,
			);
			path = Controller;
			sourceTree = "<group>";
		};
		D88F93092675DA700028150D /* View */ = {
			isa = PBXGroup;
			children = (
				D8651E87267515790020942B /* Main.storyboard */,
				D8651E8C267515800020942B /* LaunchScreen.storyboard */,
			);
			path = View;
			sourceTree = "<group>";
		};
/* End PBXGroup section */

/* Begin PBXNativeTarget section */
		D8651E7D267515790020942B /* MyProfile */ = {
			isa = PBXNativeTarget;
			buildConfigurationList = D8651E92267515800020942B /* Build configuration list for PBXNativeTarget "MyProfile" */;
			buildPhases = (
				D8651E7A267515790020942B /* Sources */,
				D8651E7B267515790020942B /* Frameworks */,
				D8651E7C267515790020942B /* Resources */,
			);
			buildRules = (
			);
			dependencies = (
			);
			name = MyProfile;
			productName = MyProfile;
			productReference = D8651E7E267515790020942B /* MyProfile.app */;
			productType = "com.apple.product-type.application";
		};
/* End PBXNativeTarget section */

/* Begin PBXProject section */
		D8651E76267515790020942B /* Project object */ = {
			isa = PBXProject;
			attributes = {
				LastSwiftUpdateCheck = 1230;
				LastUpgradeCheck = 1230;
				TargetAttributes = {
					D8651E7D267515790020942B = {
						CreatedOnToolsVersion = 12.3;
					};
				};
			};
			buildConfigurationList = D8651E79267515790020942B /* Build configuration list for PBXProject "MyProfile" */;
			compatibilityVersion = "Xcode 9.3";
			developmentRegion = en;
			hasScannedForEncodings = 0;
			knownRegions = (
				en,
				Base,
			);
			mainGroup = D8651E75267515790020942B;
			productRefGroup = D8651E7F267515790020942B /* Products */;
			projectDirPath = "";
			projectRoot = "";
			targets = (
				D8651E7D267515790020942B /* MyProfile */,
			);
		};
/* End PBXProject section */

/* Begin PBXResourcesBuildPhase section */
		D8651E7C267515790020942B /* Resources */ = {
			isa = PBXResourcesBuildPhase;
			buildActionMask = 2147483647;
			files = (
				D8651E8E267515800020942B /* LaunchScreen.storyboard in Resources */,
				D8651E8B267515800020942B /* Assets.xcassets in Resources */,
				D8651E89267515790020942B /* Main.storyboard in Resources */,
			);
			runOnlyForDeploymentPostprocessing = 0;
		};
/* End PBXResourcesBuildPhase section */

/* Begin PBXSourcesBuildPhase section */
		D8651E7A267515790020942B /* Sources */ = {
			isa = PBXSourcesBuildPhase;
			buildActionMask = 2147483647;
			files = (
				D8651E86267515790020942B /* CreateViewController.swift in Sources */,
				D88F930F2675DB270028150D /* RoundButton.swift in Sources */,
				D88F93122675DB5F0028150D /* HomeViewController.swift in Sources */,
				D8651E82267515790020942B /* AppDelegate.swift in Sources */,
				D8651E84267515790020942B /* SceneDelegate.swift in Sources */,
				D88F93152675DB7E0028150D /* UpdateViewController.swift in Sources */,
				D88F930B2675DB0B0028150D /* ProfileModel.swift in Sources */,
			);
			runOnlyForDeploymentPostprocessing = 0;
		};
/* End PBXSourcesBuildPhase section */

/* Begin PBXVariantGroup section */
		D8651E87267515790020942B /* Main.storyboard */ = {
			isa = PBXVariantGroup;
			children = (
				D8651E88267515790020942B /* Base */,
			);
			name = Main.storyboard;
			sourceTree = "<group>";
		};
		D8651E8C267515800020942B /* LaunchScreen.storyboard */ = {
			isa = PBXVariantGroup;
			children = (
				D8651E8D267515800020942B /* Base */,
			);
			name = LaunchScreen.storyboard;
			sourceTree = "<group>";
		};
/* End PBXVariantGroup section */

/* Begin XCBuildConfiguration section */
		D8651E90267515800020942B /* Debug */ = {
			isa = XCBuildConfiguration;
			buildSettings = {
				ALWAYS_SEARCH_USER_PATHS = NO;
				CLANG_ANALYZER_NONNULL = YES;
				CLANG_ANALYZER_NUMBER_OBJECT_CONVERSION = YES_AGGRESSIVE;
				CLANG_CXX_LANGUAGE_STANDARD = "gnu++14";
				CLANG_CXX_LIBRARY = "libc++";
				CLANG_ENABLE_MODULES = YES;
				CLANG_ENABLE_OBJC_ARC = YES;
				CLANG_ENABLE_OBJC_WEAK = YES;
				CLANG_WARN_BLOCK_CAPTURE_AUTORELEASING = YES;
				CLANG_WARN_BOOL_CONVERSION = YES;
				CLANG_WARN_COMMA = YES;
				CLANG_WARN_CONSTANT_CONVERSION = YES;
				CLANG_WARN_DEPRECATED_OBJC_IMPLEMENTATIONS = YES;
				CLANG_WARN_DIRECT_OBJC_ISA_USAGE = YES_ERROR;
				CLANG_WARN_DOCUMENTATION_COMMENTS = YES;
				CLANG_WARN_EMPTY_BODY = YES;
				CLANG_WARN_ENUM_CONVERSION = YES;
				CLANG_WARN_INFINITE_RECURSION = YES;
				CLANG_WARN_INT_CONVERSION = YES;
				CLANG_WARN_NON_LITERAL_NULL_CONVERSION = YES;
				CLANG_WARN_OBJC_IMPLICIT_RETAIN_SELF = YES;
				CLANG_WARN_OBJC_LITERAL_CONVERSION = YES;
				CLANG_WARN_OBJC_ROOT_CLASS = YES_ERROR;
				CLANG_WARN_QUOTED_INCLUDE_IN_FRAMEWORK_HEADER = YES;
				CLANG_WARN_RANGE_LOOP_ANALYSIS = YES;
				CLANG_WARN_STRICT_PROTOTYPES = YES;
				CLANG_WARN_SUSPICIOUS_MOVE = YES;
				CLANG_WARN_UNGUARDED_AVAILABILITY = YES_AGGRESSIVE;
				CLANG_WARN_UNREACHABLE_CODE = YES;
				CLANG_WARN__DUPLICATE_METHOD_MATCH = YES;
				COPY_PHASE_STRIP = NO;
				DEBUG_INFORMATION_FORMAT = dwarf;
				ENABLE_STRICT_OBJC_MSGSEND = YES;
				ENABLE_TESTABILITY = YES;
				GCC_C_LANGUAGE_STANDARD = gnu11;
				GCC_DYNAMIC_NO_PIC = NO;
				GCC_NO_COMMON_BLOCKS = YES;
				GCC_OPTIMIZATION_LEVEL = 0;
				GCC_PREPROCESSOR_DEFINITIONS = (
					"DEBUG=1",
					"$(inherited)",
				);
				GCC_WARN_64_TO_32_BIT_CONVERSION = YES;
				GCC_WARN_ABOUT_RETURN_TYPE = YES_ERROR;
				GCC_WARN_UNDECLARED_SELECTOR = YES;
				GCC_WARN_UNINITIALIZED_AUTOS = YES_AGGRESSIVE;
				GCC_WARN_UNUSED_FUNCTION = YES;
				GCC_WARN_UNUSED_VARIABLE = YES;
				IPHONEOS_DEPLOYMENT_TARGET = 14.3;
				MTL_ENABLE_DEBUG_INFO = INCLUDE_SOURCE;
				MTL_FAST_MATH = YES;
				ONLY_ACTIVE_ARCH = YES;
				SDKROOT = iphoneos;
				SWIFT_ACTIVE_COMPILATION_CONDITIONS = DEBUG;
				SWIFT_OPTIMIZATION_LEVEL = "-Onone";
			};
			name = Debug;
		};
		D8651E91267515800020942B /* Release */ = {
			isa = XCBuildConfiguration;
			buildSettings = {
				ALWAYS_SEARCH_USER_PATHS = NO;
				CLANG_ANALYZER_NONNULL = YES;
				CLANG_ANALYZER_NUMBER_OBJECT_CONVERSION = YES_AGGRESSIVE;
				CLANG_CXX_LANGUAGE_STANDARD = "gnu++14";
				CLANG_CXX_LIBRARY = "libc++";
				CLANG_ENABLE_MODULES = YES;
				CLANG_ENABLE_OBJC_ARC = YES;
				CLANG_ENABLE_OBJC_WEAK = YES;
				CLANG_WARN_BLOCK_CAPTURE_AUTORELEASING = YES;
				CLANG_WARN_BOOL_CONVERSION = YES;
				CLANG_WARN_COMMA = YES;
				CLANG_WARN_CONSTANT_CONVERSION = YES;
				CLANG_WARN_DEPRECATED_OBJC_IMPLEMENTATIONS = YES;
				CLANG_WARN_DIRECT_OBJC_ISA_USAGE = YES_ERROR;
				CLANG_WARN_DOCUMENTATION_COMMENTS = YES;
				CLANG_WARN_EMPTY_BODY = YES;
				CLANG_WARN_ENUM_CONVERSION = YES;
				CLANG_WARN_INFINITE_RECURSION = YES;
				CLANG_WARN_INT_CONVERSION = YES;
				CLANG_WARN_NON_LITERAL_NULL_CONVERSION = YES;
				CLANG_WARN_OBJC_IMPLICIT_RETAIN_SELF = YES;
				CLANG_WARN_OBJC_LITERAL_CONVERSION = YES;
				CLANG_WARN_OBJC_ROOT_CLASS = YES_ERROR;
				CLANG_WARN_QUOTED_INCLUDE_IN_FRAMEWORK_HEADER = YES;
				CLANG_WARN_RANGE_LOOP_ANALYSIS = YES;
				CLANG_WARN_STRICT_PROTOTYPES = YES;
				CLANG_WARN_SUSPICIOUS_MOVE = YES;
				CLANG_WARN_UNGUARDED_AVAILABILITY = YES_AGGRESSIVE;
				CLANG_WARN_UNREACHABLE_CODE = YES;
				CLANG_WARN__DUPLICATE_METHOD_MATCH = YES;
				COPY_PHASE_STRIP = NO;
				DEBUG_INFORMATION_FORMAT = "dwarf-with-dsym";
				ENABLE_NS_ASSERTIONS = NO;
				ENABLE_STRICT_OBJC_MSGSEND = YES;
				GCC_C_LANGUAGE_STANDARD = gnu11;
				GCC_NO_COMMON_BLOCKS = YES;
				GCC_WARN_64_TO_32_BIT_CONVERSION = YES;
				GCC_WARN_ABOUT_RETURN_TYPE = YES_ERROR;
				GCC_WARN_UNDECLARED_SELECTOR = YES;
				GCC_WARN_UNINITIALIZED_AUTOS = YES_AGGRESSIVE;
				GCC_WARN_UNUSED_FUNCTION = YES;
				GCC_WARN_UNUSED_VARIABLE = YES;
				IPHONEOS_DEPLOYMENT_TARGET = 14.3;
				MTL_ENABLE_DEBUG_INFO = NO;
				MTL_FAST_MATH = YES;
				SDKROOT = iphoneos;
				SWIFT_COMPILATION_MODE = wholemodule;
				SWIFT_OPTIMIZATION_LEVEL = "-O";
				VALIDATE_PRODUCT = YES;
			};
			name = Release;
		};
		D8651E93267515800020942B /* Debug */ = {
			isa = XCBuildConfiguration;
			buildSettings = {
				ASSETCATALOG_COMPILER_APPICON_NAME = AppIcon;
				ASSETCATALOG_COMPILER_GLOBAL_ACCENT_COLOR_NAME = AccentColor;
				CODE_SIGN_STYLE = Automatic;
				DEVELOPMENT_TEAM = 836AW2ZVBC;
				INFOPLIST_FILE = MyProfile/Info.plist;
				LD_RUNPATH_SEARCH_PATHS = (
					"$(inherited)",
					"@executable_path/Frameworks",
				);
				PRODUCT_BUNDLE_IDENTIFIER = tech.suryaharahap.MyProfile;
				PRODUCT_NAME = "$(TARGET_NAME)";
				SWIFT_VERSION = 5.0;
				TARGETED_DEVICE_FAMILY = "1,2";
			};
			name = Debug;
		};
		D8651E94267515800020942B /* Release */ = {
			isa = XCBuildConfiguration;
			buildSettings = {
				ASSETCATALOG_COMPILER_APPICON_NAME = AppIcon;
				ASSETCATALOG_COMPILER_GLOBAL_ACCENT_COLOR_NAME = AccentColor;
				CODE_SIGN_STYLE = Automatic;
				DEVELOPMENT_TEAM = 836AW2ZVBC;
				INFOPLIST_FILE = MyProfile/Info.plist;
				LD_RUNPATH_SEARCH_PATHS = (
					"$(inherited)",
					"@executable_path/Frameworks",
				);
				PRODUCT_BUNDLE_IDENTIFIER = tech.suryaharahap.MyProfile;
				PRODUCT_NAME = "$(TARGET_NAME)";
				SWIFT_VERSION = 5.0;
				TARGETED_DEVICE_FAMILY = "1,2";
			};
			name = Release;
		};
/* End XCBuildConfiguration section */

/* Begin XCConfigurationList section */
		D8651E79267515790020942B /* Build configuration list for PBXProject "MyProfile" */ = {
			isa = XCConfigurationList;
			buildConfigurations = (
				D8651E90267515800020942B /* Debug */,
				D8651E91267515800020942B /* Release */,
			);
			defaultConfigurationIsVisible = 0;
			defaultConfigurationName = Release;
		};
		D8651E92267515800020942B /* Build configuration list for PBXNativeTarget "MyProfile" */ = {
			isa = XCConfigurationList;
			buildConfigurations = (
				D8651E93267515800020942B /* Debug */,
				D8651E94267515800020942B /* Release */,
			);
			defaultConfigurationIsVisible = 0;
			defaultConfigurationName = Release;
		};
/* End XCConfigurationList section */
	};
	rootObject = D8651E76267515790020942B /* Project object */;
}
